
Microsoft Visual Studio Solution File, Format Version 12.00
# Visual Studio 15
VisualStudioVersion = 15.0.28307.168
MinimumVisualStudioVersion = 10.0.40219.1
Project("{FAE04EC0-301F-11D3-BF4B-00C04F79EFBC}") = "VetsEvents", "WebApplication1\VetsEvents.csproj", "{2601DFFA-079E-4D8E-A6DF-DD5058F1646D}"
EndProject
Global
	GlobalSection(SolutionConfigurationPlatforms) = preSolution
		Debug|Any CPU = Debug|Any CPU
		Release|Any CPU = Release|Any CPU
	EndGlobalSection
	GlobalSection(ProjectConfigurationPlatforms) = postSolution
		{2601DFFA-079E-4D8E-A6DF-DD5058F1646D}.Debug|Any CPU.ActiveCfg = Debug|Any CPU
		{2601DFFA-079E-4D8E-A6DF-DD5058F1646D}.Debug|Any CPU.Build.0 = Debug|Any CPU
		{2601DFFA-079E-4D8E-A6DF-DD5058F1646D}.Release|Any CPU.ActiveCfg = Release|Any CPU
		{2601DFFA-079E-4D8E-A6DF-DD5058F1646D}.Release|Any CPU.Build.0 = Release|Any CPU
	EndGlobalSection
	GlobalSection(SolutionProperties) = preSolution
		HideSolutionNode = FALSE
	EndGlobalSection
	GlobalSection(ExtensibilityGlobals) = postSolution
		SolutionGuid = {2E0536ED-F9DB-4EA6-9D63-C39CD95775D7}
	EndGlobalSection
EndGlobal
